// !$*UTF8*$!
{
	archiveVersion = 1;
	classes = {
	};
	objectVersion = 56;
	objects = {

/* Begin PBXBuildFile section */
		F60D3A092BAB148B0062E2B5 /* AppDelegate.swift in Sources */ = {isa = PBXBuildFile; fileRef = F60D3A082BAB148B0062E2B5 /* AppDelegate.swift */; };
		F60D3A0B2BAB148B0062E2B5 /* SceneDelegate.swift in Sources */ = {isa = PBXBuildFile; fileRef = F60D3A0A2BAB148B0062E2B5 /* SceneDelegate.swift */; };
		F60D3A0D2BAB148B0062E2B5 /* ViewController.swift in Sources */ = {isa = PBXBuildFile; fileRef = F60D3A0C2BAB148B0062E2B5 /* ViewController.swift */; };
		F60D3A122BAB148E0062E2B5 /* Assets.xcassets in Resources */ = {isa = PBXBuildFile; fileRef = F60D3A112BAB148E0062E2B5 /* Assets.xcassets */; };
		F60D3A152BAB148E0062E2B5 /* Base in Resources */ = {isa = PBXBuildFile; fileRef = F60D3A142BAB148E0062E2B5 /* Base */; };
		F60D3A1E2BAB35C70062E2B5 /* NetworkManager.swift in Sources */ = {isa = PBXBuildFile; fileRef = F60D3A1D2BAB35C70062E2B5 /* NetworkManager.swift */; };
		F60D3A242BAB54C00062E2B5 /* NetworkErros.swift in Sources */ = {isa = PBXBuildFile; fileRef = F60D3A232BAB54C00062E2B5 /* NetworkErros.swift */; };
		F60D3A272BAB5B920062E2B5 /* WeatherAPIConstants.swift in Sources */ = {isa = PBXBuildFile; fileRef = F60D3A262BAB5B920062E2B5 /* WeatherAPIConstants.swift */; };
		F60D3A292BAB5BAE0062E2B5 /* WeatherAPIManager.swift in Sources */ = {isa = PBXBuildFile; fileRef = F60D3A282BAB5BAE0062E2B5 /* WeatherAPIManager.swift */; };
		F60D3A2B2BAB5BE30062E2B5 /* CurrentWeatherDTO.swift in Sources */ = {isa = PBXBuildFile; fileRef = F60D3A2A2BAB5BE30062E2B5 /* CurrentWeatherDTO.swift */; };
		F60D3A302BAB63680062E2B5 /* URLBuilder.swift in Sources */ = {isa = PBXBuildFile; fileRef = F60D3A2F2BAB63680062E2B5 /* URLBuilder.swift */; };
		F60D3A322BAB74480062E2B5 /* DetailWeatherModels.swift in Sources */ = {isa = PBXBuildFile; fileRef = F60D3A312BAB74480062E2B5 /* DetailWeatherModels.swift */; };
		F60D3A342BAB746E0062E2B5 /* ForecastDTO.swift in Sources */ = {isa = PBXBuildFile; fileRef = F60D3A332BAB746E0062E2B5 /* ForecastDTO.swift */; };
		F60D3A372BAB7A5C0062E2B5 /* WeatherAPIErrors.swift in Sources */ = {isa = PBXBuildFile; fileRef = F60D3A362BAB7A5C0062E2B5 /* WeatherAPIErrors.swift */; };
		F6400EF72BB01F5100C31739 /* LocalSearchService.swift in Sources */ = {isa = PBXBuildFile; fileRef = F6400EF62BB01F5100C31739 /* LocalSearchService.swift */; };
		F6400EF92BB0253D00C31739 /* LocalSearchModel.swift in Sources */ = {isa = PBXBuildFile; fileRef = F6400EF82BB0253D00C31739 /* LocalSearchModel.swift */; };
		F6400EFB2BB0268700C31739 /* SearchViewModel.swift in Sources */ = {isa = PBXBuildFile; fileRef = F6400EFA2BB0268700C31739 /* SearchViewModel.swift */; };
		F6400EFF2BB0273600C31739 /* SearchViewController.swift in Sources */ = {isa = PBXBuildFile; fileRef = F6400EFE2BB0273600C31739 /* SearchViewController.swift */; };
		F6400F012BB027DE00C31739 /* SearchCell.swift in Sources */ = {isa = PBXBuildFile; fileRef = F6400F002BB027DE00C31739 /* SearchCell.swift */; };
		F6400F032BB043D700C31739 /* Cache.swift in Sources */ = {isa = PBXBuildFile; fileRef = F6400F022BB043D700C31739 /* Cache.swift */; };
		F657DE952BAC4D470048FA60 /* LocationManager.swift in Sources */ = {isa = PBXBuildFile; fileRef = F657DE942BAC4D470048FA60 /* LocationManager.swift */; };
		F657DE992BADCA4B0048FA60 /* WeatherDetailedDataView.swift in Sources */ = {isa = PBXBuildFile; fileRef = F657DE982BADCA4B0048FA60 /* WeatherDetailedDataView.swift */; };
		F657DE9B2BADCEDE0048FA60 /* ViewModel.swift in Sources */ = {isa = PBXBuildFile; fileRef = F657DE9A2BADCEDE0048FA60 /* ViewModel.swift */; };
		F657DE9E2BADE1E50048FA60 /* WeatherModel.swift in Sources */ = {isa = PBXBuildFile; fileRef = F657DE9D2BADE1E50048FA60 /* WeatherModel.swift */; };
		F69169EC2BAED41600807DEB /* ForecastModel.swift in Sources */ = {isa = PBXBuildFile; fileRef = F69169EB2BAED41600807DEB /* ForecastModel.swift */; };
		F69169EE2BAEE5E200807DEB /* ForecastCell.swift in Sources */ = {isa = PBXBuildFile; fileRef = F69169ED2BAEE5E200807DEB /* ForecastCell.swift */; };
/* End PBXBuildFile section */

/* Begin PBXFileReference section */
		F60D3A052BAB148B0062E2B5 /* WeatherApp.app */ = {isa = PBXFileReference; explicitFileType = wrapper.application; includeInIndex = 0; path = WeatherApp.app; sourceTree = BUILT_PRODUCTS_DIR; };
		F60D3A082BAB148B0062E2B5 /* AppDelegate.swift */ = {isa = PBXFileReference; lastKnownFileType = sourcecode.swift; path = AppDelegate.swift; sourceTree = "<group>"; };
		F60D3A0A2BAB148B0062E2B5 /* SceneDelegate.swift */ = {isa = PBXFileReference; lastKnownFileType = sourcecode.swift; path = SceneDelegate.swift; sourceTree = "<group>"; };
		F60D3A0C2BAB148B0062E2B5 /* ViewController.swift */ = {isa = PBXFileReference; lastKnownFileType = sourcecode.swift; path = ViewController.swift; sourceTree = "<group>"; };
		F60D3A112BAB148E0062E2B5 /* Assets.xcassets */ = {isa = PBXFileReference; lastKnownFileType = folder.assetcatalog; path = Assets.xcassets; sourceTree = "<group>"; };
		F60D3A142BAB148E0062E2B5 /* Base */ = {isa = PBXFileReference; lastKnownFileType = file.storyboard; name = Base; path = Base.lproj/LaunchScreen.storyboard; sourceTree = "<group>"; };
		F60D3A162BAB148E0062E2B5 /* Info.plist */ = {isa = PBXFileReference; lastKnownFileType = text.plist.xml; path = Info.plist; sourceTree = "<group>"; };
		F60D3A1D2BAB35C70062E2B5 /* NetworkManager.swift */ = {isa = PBXFileReference; lastKnownFileType = sourcecode.swift; path = NetworkManager.swift; sourceTree = "<group>"; };
		F60D3A232BAB54C00062E2B5 /* NetworkErros.swift */ = {isa = PBXFileReference; lastKnownFileType = sourcecode.swift; path = NetworkErros.swift; sourceTree = "<group>"; };
		F60D3A262BAB5B920062E2B5 /* WeatherAPIConstants.swift */ = {isa = PBXFileReference; lastKnownFileType = sourcecode.swift; path = WeatherAPIConstants.swift; sourceTree = "<group>"; };
		F60D3A282BAB5BAE0062E2B5 /* WeatherAPIManager.swift */ = {isa = PBXFileReference; lastKnownFileType = sourcecode.swift; path = WeatherAPIManager.swift; sourceTree = "<group>"; };
		F60D3A2A2BAB5BE30062E2B5 /* CurrentWeatherDTO.swift */ = {isa = PBXFileReference; lastKnownFileType = sourcecode.swift; path = CurrentWeatherDTO.swift; sourceTree = "<group>"; };
		F60D3A2F2BAB63680062E2B5 /* URLBuilder.swift */ = {isa = PBXFileReference; lastKnownFileType = sourcecode.swift; path = URLBuilder.swift; sourceTree = "<group>"; };
		F60D3A312BAB74480062E2B5 /* DetailWeatherModels.swift */ = {isa = PBXFileReference; lastKnownFileType = sourcecode.swift; path = DetailWeatherModels.swift; sourceTree = "<group>"; };
		F60D3A332BAB746E0062E2B5 /* ForecastDTO.swift */ = {isa = PBXFileReference; lastKnownFileType = sourcecode.swift; path = ForecastDTO.swift; sourceTree = "<group>"; };
		F60D3A362BAB7A5C0062E2B5 /* WeatherAPIErrors.swift */ = {isa = PBXFileReference; lastKnownFileType = sourcecode.swift; path = WeatherAPIErrors.swift; sourceTree = "<group>"; };
		F6400EF62BB01F5100C31739 /* LocalSearchService.swift */ = {isa = PBXFileReference; lastKnownFileType = sourcecode.swift; path = LocalSearchService.swift; sourceTree = "<group>"; };
		F6400EF82BB0253D00C31739 /* LocalSearchModel.swift */ = {isa = PBXFileReference; lastKnownFileType = sourcecode.swift; path = LocalSearchModel.swift; sourceTree = "<group>"; };
		F6400EFA2BB0268700C31739 /* SearchViewModel.swift */ = {isa = PBXFileReference; lastKnownFileType = sourcecode.swift; path = SearchViewModel.swift; sourceTree = "<group>"; };
		F6400EFE2BB0273600C31739 /* SearchViewController.swift */ = {isa = PBXFileReference; lastKnownFileType = sourcecode.swift; path = SearchViewController.swift; sourceTree = "<group>"; };
		F6400F002BB027DE00C31739 /* SearchCell.swift */ = {isa = PBXFileReference; lastKnownFileType = sourcecode.swift; path = SearchCell.swift; sourceTree = "<group>"; };
		F6400F022BB043D700C31739 /* Cache.swift */ = {isa = PBXFileReference; lastKnownFileType = sourcecode.swift; path = Cache.swift; sourceTree = "<group>"; };
		F657DE942BAC4D470048FA60 /* LocationManager.swift */ = {isa = PBXFileReference; lastKnownFileType = sourcecode.swift; path = LocationManager.swift; sourceTree = "<group>"; };
		F657DE982BADCA4B0048FA60 /* WeatherDetailedDataView.swift */ = {isa = PBXFileReference; lastKnownFileType = sourcecode.swift; path = WeatherDetailedDataView.swift; sourceTree = "<group>"; };
		F657DE9A2BADCEDE0048FA60 /* ViewModel.swift */ = {isa = PBXFileReference; lastKnownFileType = sourcecode.swift; path = ViewModel.swift; sourceTree = "<group>"; };
		F657DE9D2BADE1E50048FA60 /* WeatherModel.swift */ = {isa = PBXFileReference; lastKnownFileType = sourcecode.swift; path = WeatherModel.swift; sourceTree = "<group>"; };
		F69169EB2BAED41600807DEB /* ForecastModel.swift */ = {isa = PBXFileReference; lastKnownFileType = sourcecode.swift; path = ForecastModel.swift; sourceTree = "<group>"; };
		F69169ED2BAEE5E200807DEB /* ForecastCell.swift */ = {isa = PBXFileReference; lastKnownFileType = sourcecode.swift; path = ForecastCell.swift; sourceTree = "<group>"; };
/* End PBXFileReference section */

/* Begin PBXFrameworksBuildPhase section */
		F60D3A022BAB148B0062E2B5 /* Frameworks */ = {
			isa = PBXFrameworksBuildPhase;
			buildActionMask = 2147483647;
			files = (
			);
			runOnlyForDeploymentPostprocessing = 0;
		};
/* End PBXFrameworksBuildPhase section */

/* Begin PBXGroup section */
		F60D39FC2BAB148B0062E2B5 = {
			isa = PBXGroup;
			children = (
				F60D3A072BAB148B0062E2B5 /* WeatherApp */,
				F60D3A062BAB148B0062E2B5 /* Products */,
			);
			sourceTree = "<group>";
		};
		F60D3A062BAB148B0062E2B5 /* Products */ = {
			isa = PBXGroup;
			children = (
				F60D3A052BAB148B0062E2B5 /* WeatherApp.app */,
			);
			name = Products;
			sourceTree = "<group>";
		};
		F60D3A072BAB148B0062E2B5 /* WeatherApp */ = {
			isa = PBXGroup;
			children = (
				F657DE932BAC4D370048FA60 /* Location */,
				F60D3A252BAB5B800062E2B5 /* WeatherAPI */,
				F60D3A1C2BAB32DE0062E2B5 /* Network */,
				F6400EF52BB01F3F00C31739 /* SearchService */,
				F60D3A082BAB148B0062E2B5 /* AppDelegate.swift */,
				F60D3A0A2BAB148B0062E2B5 /* SceneDelegate.swift */,
				F60D3A0C2BAB148B0062E2B5 /* ViewController.swift */,
				F657DE9A2BADCEDE0048FA60 /* ViewModel.swift */,
				F657DE9D2BADE1E50048FA60 /* WeatherModel.swift */,
				F69169EB2BAED41600807DEB /* ForecastModel.swift */,
				F6400EFA2BB0268700C31739 /* SearchViewModel.swift */,
				F6400EFE2BB0273600C31739 /* SearchViewController.swift */,
				F657DEA02BADE1FF0048FA60 /* UIElements */,
				F60D3A2E2BAB63590062E2B5 /* Support */,
				F60D3A112BAB148E0062E2B5 /* Assets.xcassets */,
				F60D3A132BAB148E0062E2B5 /* LaunchScreen.storyboard */,
				F60D3A162BAB148E0062E2B5 /* Info.plist */,
			);
			path = WeatherApp;
			sourceTree = "<group>";
		};
		F60D3A1C2BAB32DE0062E2B5 /* Network */ = {
			isa = PBXGroup;
			children = (
				F60D3A1D2BAB35C70062E2B5 /* NetworkManager.swift */,
				F60D3A232BAB54C00062E2B5 /* NetworkErros.swift */,
			);
			path = Network;
			sourceTree = "<group>";
		};
		F60D3A252BAB5B800062E2B5 /* WeatherAPI */ = {
			isa = PBXGroup;
			children = (
				F60D3A352BAB74BE0062E2B5 /* Model */,
				F60D3A282BAB5BAE0062E2B5 /* WeatherAPIManager.swift */,
				F60D3A262BAB5B920062E2B5 /* WeatherAPIConstants.swift */,
				F60D3A362BAB7A5C0062E2B5 /* WeatherAPIErrors.swift */,
			);
			path = WeatherAPI;
			sourceTree = "<group>";
		};
		F60D3A2E2BAB63590062E2B5 /* Support */ = {
			isa = PBXGroup;
			children = (
				F60D3A2F2BAB63680062E2B5 /* URLBuilder.swift */,
				F6400F022BB043D700C31739 /* Cache.swift */,
			);
			path = Support;
			sourceTree = "<group>";
		};
		F60D3A352BAB74BE0062E2B5 /* Model */ = {
			isa = PBXGroup;
			children = (
				F60D3A2A2BAB5BE30062E2B5 /* CurrentWeatherDTO.swift */,
				F60D3A332BAB746E0062E2B5 /* ForecastDTO.swift */,
				F60D3A312BAB74480062E2B5 /* DetailWeatherModels.swift */,
			);
			path = Model;
			sourceTree = "<group>";
		};
		F6400EF52BB01F3F00C31739 /* SearchService */ = {
			isa = PBXGroup;
			children = (
				F6400EF62BB01F5100C31739 /* LocalSearchService.swift */,
				F6400EF82BB0253D00C31739 /* LocalSearchModel.swift */,
			);
			path = SearchService;
			sourceTree = "<group>";
		};
		F657DE932BAC4D370048FA60 /* Location */ = {
			isa = PBXGroup;
			children = (
				F657DE942BAC4D470048FA60 /* LocationManager.swift */,
			);
			path = Location;
			sourceTree = "<group>";
		};
		F657DEA02BADE1FF0048FA60 /* UIElements */ = {
			isa = PBXGroup;
			children = (
				F657DE982BADCA4B0048FA60 /* WeatherDetailedDataView.swift */,
				F69169ED2BAEE5E200807DEB /* ForecastCell.swift */,
				F6400F002BB027DE00C31739 /* SearchCell.swift */,
			);
			path = UIElements;
			sourceTree = "<group>";
		};
/* End PBXGroup section */

/* Begin PBXNativeTarget section */
		F60D3A042BAB148B0062E2B5 /* WeatherApp */ = {
			isa = PBXNativeTarget;
			buildConfigurationList = F60D3A192BAB148E0062E2B5 /* Build configuration list for PBXNativeTarget "WeatherApp" */;
			buildPhases = (
				F60D3A012BAB148B0062E2B5 /* Sources */,
				F60D3A022BAB148B0062E2B5 /* Frameworks */,
				F60D3A032BAB148B0062E2B5 /* Resources */,
			);
			buildRules = (
			);
			dependencies = (
			);
			name = WeatherApp;
			productName = WeatherApp;
			productReference = F60D3A052BAB148B0062E2B5 /* WeatherApp.app */;
			productType = "com.apple.product-type.application";
		};
/* End PBXNativeTarget section */

/* Begin PBXProject section */
		F60D39FD2BAB148B0062E2B5 /* Project object */ = {
			isa = PBXProject;
			attributes = {
				BuildIndependentTargetsInParallel = 1;
				LastSwiftUpdateCheck = 1530;
				LastUpgradeCheck = 1530;
				TargetAttributes = {
					F60D3A042BAB148B0062E2B5 = {
						CreatedOnToolsVersion = 15.3;
					};
				};
			};
			buildConfigurationList = F60D3A002BAB148B0062E2B5 /* Build configuration list for PBXProject "WeatherApp" */;
			compatibilityVersion = "Xcode 14.0";
			developmentRegion = en;
			hasScannedForEncodings = 0;
			knownRegions = (
				en,
				Base,
			);
			mainGroup = F60D39FC2BAB148B0062E2B5;
			productRefGroup = F60D3A062BAB148B0062E2B5 /* Products */;
			projectDirPath = "";
			projectRoot = "";
			targets = (
				F60D3A042BAB148B0062E2B5 /* WeatherApp */,
			);
		};
/* End PBXProject section */

/* Begin PBXResourcesBuildPhase section */
		F60D3A032BAB148B0062E2B5 /* Resources */ = {
			isa = PBXResourcesBuildPhase;
			buildActionMask = 2147483647;
			files = (
				F60D3A122BAB148E0062E2B5 /* Assets.xcassets in Resources */,
				F60D3A152BAB148E0062E2B5 /* Base in Resources */,
			);
			runOnlyForDeploymentPostprocessing = 0;
		};
/* End PBXResourcesBuildPhase section */

/* Begin PBXSourcesBuildPhase section */
		F60D3A012BAB148B0062E2B5 /* Sources */ = {
			isa = PBXSourcesBuildPhase;
			buildActionMask = 2147483647;
			files = (
				F60D3A372BAB7A5C0062E2B5 /* WeatherAPIErrors.swift in Sources */,
				F60D3A242BAB54C00062E2B5 /* NetworkErros.swift in Sources */,
				F60D3A1E2BAB35C70062E2B5 /* NetworkManager.swift in Sources */,
				F60D3A302BAB63680062E2B5 /* URLBuilder.swift in Sources */,
				F69169EE2BAEE5E200807DEB /* ForecastCell.swift in Sources */,
				F657DE9B2BADCEDE0048FA60 /* ViewModel.swift in Sources */,
				F60D3A0D2BAB148B0062E2B5 /* ViewController.swift in Sources */,
				F6400EF92BB0253D00C31739 /* LocalSearchModel.swift in Sources */,
				F69169EC2BAED41600807DEB /* ForecastModel.swift in Sources */,
				F60D3A092BAB148B0062E2B5 /* AppDelegate.swift in Sources */,
				F6400F032BB043D700C31739 /* Cache.swift in Sources */,
				F60D3A322BAB74480062E2B5 /* DetailWeatherModels.swift in Sources */,
				F60D3A0B2BAB148B0062E2B5 /* SceneDelegate.swift in Sources */,
				F6400EFF2BB0273600C31739 /* SearchViewController.swift in Sources */,
				F60D3A292BAB5BAE0062E2B5 /* WeatherAPIManager.swift in Sources */,
				F60D3A342BAB746E0062E2B5 /* ForecastDTO.swift in Sources */,
				F60D3A2B2BAB5BE30062E2B5 /* CurrentWeatherDTO.swift in Sources */,
				F6400EFB2BB0268700C31739 /* SearchViewModel.swift in Sources */,
				F657DE992BADCA4B0048FA60 /* WeatherDetailedDataView.swift in Sources */,
				F6400EF72BB01F5100C31739 /* LocalSearchService.swift in Sources */,
				F60D3A272BAB5B920062E2B5 /* WeatherAPIConstants.swift in Sources */,
				F657DE9E2BADE1E50048FA60 /* WeatherModel.swift in Sources */,
				F657DE952BAC4D470048FA60 /* LocationManager.swift in Sources */,
				F6400F012BB027DE00C31739 /* SearchCell.swift in Sources */,
			);
			runOnlyForDeploymentPostprocessing = 0;
		};
/* End PBXSourcesBuildPhase section */

/* Begin PBXVariantGroup section */
		F60D3A132BAB148E0062E2B5 /* LaunchScreen.storyboard */ = {
			isa = PBXVariantGroup;
			children = (
				F60D3A142BAB148E0062E2B5 /* Base */,
			);
			name = LaunchScreen.storyboard;
			sourceTree = "<group>";
		};
/* End PBXVariantGroup section */

/* Begin XCBuildConfiguration section */
		F60D3A172BAB148E0062E2B5 /* Debug */ = {
			isa = XCBuildConfiguration;
			buildSettings = {
				ALWAYS_SEARCH_USER_PATHS = NO;
				ASSETCATALOG_COMPILER_GENERATE_SWIFT_ASSET_SYMBOL_EXTENSIONS = YES;
				CLANG_ANALYZER_NONNULL = YES;
				CLANG_ANALYZER_NUMBER_OBJECT_CONVERSION = YES_AGGRESSIVE;
				CLANG_CXX_LANGUAGE_STANDARD = "gnu++20";
				CLANG_ENABLE_MODULES = YES;
				CLANG_ENABLE_OBJC_ARC = YES;
				CLANG_ENABLE_OBJC_WEAK = YES;
				CLANG_WARN_BLOCK_CAPTURE_AUTORELEASING = YES;
				CLANG_WARN_BOOL_CONVERSION = YES;
				CLANG_WARN_COMMA = YES;
				CLANG_WARN_CONSTANT_CONVERSION = YES;
				CLANG_WARN_DEPRECATED_OBJC_IMPLEMENTATIONS = YES;
				CLANG_WARN_DIRECT_OBJC_ISA_USAGE = YES_ERROR;
				CLANG_WARN_DOCUMENTATION_COMMENTS = YES;
				CLANG_WARN_EMPTY_BODY = YES;
				CLANG_WARN_ENUM_CONVERSION = YES;
				CLANG_WARN_INFINITE_RECURSION = YES;
				CLANG_WARN_INT_CONVERSION = YES;
				CLANG_WARN_NON_LITERAL_NULL_CONVERSION = YES;
				CLANG_WARN_OBJC_IMPLICIT_RETAIN_SELF = YES;
				CLANG_WARN_OBJC_LITERAL_CONVERSION = YES;
				CLANG_WARN_OBJC_ROOT_CLASS = YES_ERROR;
				CLANG_WARN_QUOTED_INCLUDE_IN_FRAMEWORK_HEADER = YES;
				CLANG_WARN_RANGE_LOOP_ANALYSIS = YES;
				CLANG_WARN_STRICT_PROTOTYPES = YES;
				CLANG_WARN_SUSPICIOUS_MOVE = YES;
				CLANG_WARN_UNGUARDED_AVAILABILITY = YES_AGGRESSIVE;
				CLANG_WARN_UNREACHABLE_CODE = YES;
				CLANG_WARN__DUPLICATE_METHOD_MATCH = YES;
				COPY_PHASE_STRIP = NO;
				DEBUG_INFORMATION_FORMAT = dwarf;
				ENABLE_STRICT_OBJC_MSGSEND = YES;
				ENABLE_TESTABILITY = YES;
				ENABLE_USER_SCRIPT_SANDBOXING = YES;
				GCC_C_LANGUAGE_STANDARD = gnu17;
				GCC_DYNAMIC_NO_PIC = NO;
				GCC_NO_COMMON_BLOCKS = YES;
				GCC_OPTIMIZATION_LEVEL = 0;
				GCC_PREPROCESSOR_DEFINITIONS = (
					"DEBUG=1",
					"$(inherited)",
				);
				GCC_WARN_64_TO_32_BIT_CONVERSION = YES;
				GCC_WARN_ABOUT_RETURN_TYPE = YES_ERROR;
				GCC_WARN_UNDECLARED_SELECTOR = YES;
				GCC_WARN_UNINITIALIZED_AUTOS = YES_AGGRESSIVE;
				GCC_WARN_UNUSED_FUNCTION = YES;
				GCC_WARN_UNUSED_VARIABLE = YES;
				IPHONEOS_DEPLOYMENT_TARGET = 17.4;
				LOCALIZATION_PREFERS_STRING_CATALOGS = YES;
				MTL_ENABLE_DEBUG_INFO = INCLUDE_SOURCE;
				MTL_FAST_MATH = YES;
				ONLY_ACTIVE_ARCH = YES;
				SDKROOT = iphoneos;
				SWIFT_ACTIVE_COMPILATION_CONDITIONS = "DEBUG $(inherited)";
				SWIFT_OPTIMIZATION_LEVEL = "-Onone";
			};
			name = Debug;
		};
		F60D3A182BAB148E0062E2B5 /* Release */ = {
			isa = XCBuildConfiguration;
			buildSettings = {
				ALWAYS_SEARCH_USER_PATHS = NO;
				ASSETCATALOG_COMPILER_GENERATE_SWIFT_ASSET_SYMBOL_EXTENSIONS = YES;
				CLANG_ANALYZER_NONNULL = YES;
				CLANG_ANALYZER_NUMBER_OBJECT_CONVERSION = YES_AGGRESSIVE;
				CLANG_CXX_LANGUAGE_STANDARD = "gnu++20";
				CLANG_ENABLE_MODULES = YES;
				CLANG_ENABLE_OBJC_ARC = YES;
				CLANG_ENABLE_OBJC_WEAK = YES;
				CLANG_WARN_BLOCK_CAPTURE_AUTORELEASING = YES;
				CLANG_WARN_BOOL_CONVERSION = YES;
				CLANG_WARN_COMMA = YES;
				CLANG_WARN_CONSTANT_CONVERSION = YES;
				CLANG_WARN_DEPRECATED_OBJC_IMPLEMENTATIONS = YES;
				CLANG_WARN_DIRECT_OBJC_ISA_USAGE = YES_ERROR;
				CLANG_WARN_DOCUMENTATION_COMMENTS = YES;
				CLANG_WARN_EMPTY_BODY = YES;
				CLANG_WARN_ENUM_CONVERSION = YES;
				CLANG_WARN_INFINITE_RECURSION = YES;
				CLANG_WARN_INT_CONVERSION = YES;
				CLANG_WARN_NON_LITERAL_NULL_CONVERSION = YES;
				CLANG_WARN_OBJC_IMPLICIT_RETAIN_SELF = YES;
				CLANG_WARN_OBJC_LITERAL_CONVERSION = YES;
				CLANG_WARN_OBJC_ROOT_CLASS = YES_ERROR;
				CLANG_WARN_QUOTED_INCLUDE_IN_FRAMEWORK_HEADER = YES;
				CLANG_WARN_RANGE_LOOP_ANALYSIS = YES;
				CLANG_WARN_STRICT_PROTOTYPES = YES;
				CLANG_WARN_SUSPICIOUS_MOVE = YES;
				CLANG_WARN_UNGUARDED_AVAILABILITY = YES_AGGRESSIVE;
				CLANG_WARN_UNREACHABLE_CODE = YES;
				CLANG_WARN__DUPLICATE_METHOD_MATCH = YES;
				COPY_PHASE_STRIP = NO;
				DEBUG_INFORMATION_FORMAT = "dwarf-with-dsym";
				ENABLE_NS_ASSERTIONS = NO;
				ENABLE_STRICT_OBJC_MSGSEND = YES;
				ENABLE_USER_SCRIPT_SANDBOXING = YES;
				GCC_C_LANGUAGE_STANDARD = gnu17;
				GCC_NO_COMMON_BLOCKS = YES;
				GCC_WARN_64_TO_32_BIT_CONVERSION = YES;
				GCC_WARN_ABOUT_RETURN_TYPE = YES_ERROR;
				GCC_WARN_UNDECLARED_SELECTOR = YES;
				GCC_WARN_UNINITIALIZED_AUTOS = YES_AGGRESSIVE;
				GCC_WARN_UNUSED_FUNCTION = YES;
				GCC_WARN_UNUSED_VARIABLE = YES;
				IPHONEOS_DEPLOYMENT_TARGET = 17.4;
				LOCALIZATION_PREFERS_STRING_CATALOGS = YES;
				MTL_ENABLE_DEBUG_INFO = NO;
				MTL_FAST_MATH = YES;
				SDKROOT = iphoneos;
				SWIFT_COMPILATION_MODE = wholemodule;
				VALIDATE_PRODUCT = YES;
			};
			name = Release;
		};
		F60D3A1A2BAB148E0062E2B5 /* Debug */ = {
			isa = XCBuildConfiguration;
			buildSettings = {
				ASSETCATALOG_COMPILER_APPICON_NAME = AppIcon;
				ASSETCATALOG_COMPILER_GLOBAL_ACCENT_COLOR_NAME = AccentColor;
				CODE_SIGN_STYLE = Automatic;
				CURRENT_PROJECT_VERSION = 1;
				DEVELOPMENT_TEAM = 5374B32457;
				GENERATE_INFOPLIST_FILE = YES;
				INFOPLIST_FILE = WeatherApp/Info.plist;
				INFOPLIST_KEY_NSLocationWhenInUseUsageDescription = "App needs location to show current weather";
				INFOPLIST_KEY_UIApplicationSupportsIndirectInputEvents = YES;
				INFOPLIST_KEY_UILaunchStoryboardName = LaunchScreen;
				INFOPLIST_KEY_UISupportedInterfaceOrientations = UIInterfaceOrientationPortrait;
				INFOPLIST_KEY_UISupportedInterfaceOrientations_iPad = "UIInterfaceOrientationLandscapeLeft UIInterfaceOrientationLandscapeRight UIInterfaceOrientationPortrait UIInterfaceOrientationPortraitUpsideDown";
				IPHONEOS_DEPLOYMENT_TARGET = 16.0;
				LD_RUNPATH_SEARCH_PATHS = (
					"$(inherited)",
					"@executable_path/Frameworks",
				);
				MARKETING_VERSION = 1.0;
				PRODUCT_BUNDLE_IDENTIFIER = vdc.WeatherApp;
				PRODUCT_NAME = "$(TARGET_NAME)";
				SUPPORTED_PLATFORMS = "iphoneos iphonesimulator";
				SUPPORTS_MACCATALYST = NO;
				SUPPORTS_MAC_DESIGNED_FOR_IPHONE_IPAD = NO;
				SUPPORTS_XR_DESIGNED_FOR_IPHONE_IPAD = NO;
				SWIFT_EMIT_LOC_STRINGS = YES;
				SWIFT_VERSION = 5.0;
				TARGETED_DEVICE_FAMILY = 1;
			};
			name = Debug;
		};
		F60D3A1B2BAB148E0062E2B5 /* Release */ = {
			isa = XCBuildConfiguration;
			buildSettings = {
				ASSETCATALOG_COMPILER_APPICON_NAME = AppIcon;
				ASSETCATALOG_COMPILER_GLOBAL_ACCENT_COLOR_NAME = AccentColor;
				CODE_SIGN_STYLE = Automatic;
				CURRENT_PROJECT_VERSION = 1;
				DEVELOPMENT_TEAM = 5374B32457;
				GENERATE_INFOPLIST_FILE = YES;
				INFOPLIST_FILE = WeatherApp/Info.plist;
				INFOPLIST_KEY_NSLocationWhenInUseUsageDescription = "App needs location to show current weather";
				INFOPLIST_KEY_UIApplicationSupportsIndirectInputEvents = YES;
				INFOPLIST_KEY_UILaunchStoryboardName = LaunchScreen;
				INFOPLIST_KEY_UISupportedInterfaceOrientations = UIInterfaceOrientationPortrait;
				INFOPLIST_KEY_UISupportedInterfaceOrientations_iPad = "UIInterfaceOrientationLandscapeLeft UIInterfaceOrientationLandscapeRight UIInterfaceOrientationPortrait UIInterfaceOrientationPortraitUpsideDown";
				IPHONEOS_DEPLOYMENT_TARGET = 16.0;
				LD_RUNPATH_SEARCH_PATHS = (
					"$(inherited)",
					"@executable_path/Frameworks",
				);
				MARKETING_VERSION = 1.0;
				PRODUCT_BUNDLE_IDENTIFIER = vdc.WeatherApp;
				PRODUCT_NAME = "$(TARGET_NAME)";
				SUPPORTED_PLATFORMS = "iphoneos iphonesimulator";
				SUPPORTS_MACCATALYST = NO;
				SUPPORTS_MAC_DESIGNED_FOR_IPHONE_IPAD = NO;
				SUPPORTS_XR_DESIGNED_FOR_IPHONE_IPAD = NO;
				SWIFT_EMIT_LOC_STRINGS = YES;
				SWIFT_VERSION = 5.0;
				TARGETED_DEVICE_FAMILY = 1;
			};
			name = Release;
		};
/* End XCBuildConfiguration section */

/* Begin XCConfigurationList section */
		F60D3A002BAB148B0062E2B5 /* Build configuration list for PBXProject "WeatherApp" */ = {
			isa = XCConfigurationList;
			buildConfigurations = (
				F60D3A172BAB148E0062E2B5 /* Debug */,
				F60D3A182BAB148E0062E2B5 /* Release */,
			);
			defaultConfigurationIsVisible = 0;
			defaultConfigurationName = Release;
		};
		F60D3A192BAB148E0062E2B5 /* Build configuration list for PBXNativeTarget "WeatherApp" */ = {
			isa = XCConfigurationList;
			buildConfigurations = (
				F60D3A1A2BAB148E0062E2B5 /* Debug */,
				F60D3A1B2BAB148E0062E2B5 /* Release */,
			);
			defaultConfigurationIsVisible = 0;
			defaultConfigurationName = Release;
		};
/* End XCConfigurationList section */
	};
	rootObject = F60D39FD2BAB148B0062E2B5 /* Project object */;
}
